
Microsoft Visual Studio Solution File, Format Version 12.00
# Visual Studio 15
VisualStudioVersion = 15.0.28307.902
MinimumVisualStudioVersion = 10.0.40219.1
Project("{FAE04EC0-301F-11D3-BF4B-00C04F79EFBC}") = "SpecflowWebTestDemo", "SpecflowWebTestDemo\SpecflowWebTestDemo.csproj", "{30A509BD-B8FC-4EDF-86A4-B5BD72A10BB4}"
EndProject
Global
	GlobalSection(SolutionConfigurationPlatforms) = preSolution
		Debug|Any CPU = Debug|Any CPU
		Release|Any CPU = Release|Any CPU
	EndGlobalSection
	GlobalSection(ProjectConfigurationPlatforms) = postSolution
		{30A509BD-B8FC-4EDF-86A4-B5BD72A10BB4}.Debug|Any CPU.ActiveCfg = Debug|Any CPU
		{30A509BD-B8FC-4EDF-86A4-B5BD72A10BB4}.Debug|Any CPU.Build.0 = Debug|Any CPU
		{30A509BD-B8FC-4EDF-86A4-B5BD72A10BB4}.Release|Any CPU.ActiveCfg = Release|Any CPU
		{30A509BD-B8FC-4EDF-86A4-B5BD72A10BB4}.Release|Any CPU.Build.0 = Release|Any CPU
	EndGlobalSection
	GlobalSection(SolutionProperties) = preSolution
		HideSolutionNode = FALSE
	EndGlobalSection
	GlobalSection(ExtensibilityGlobals) = postSolution
		SolutionGuid = {D8BF8005-F800-4E92-9A71-6DC44A6D7214}
	EndGlobalSection
EndGlobal
